// !$*UTF8*$!
{
	archiveVersion = 1;
	classes = {
	};
	objectVersion = 50;
	objects = {

/* Begin PBXBuildFile section */
		989ACE3525BA391E00C6D93C /* AppDelegate.swift in Sources */ = {isa = PBXBuildFile; fileRef = 989ACE3425BA391E00C6D93C /* AppDelegate.swift */; };
		989ACE3725BA391E00C6D93C /* SceneDelegate.swift in Sources */ = {isa = PBXBuildFile; fileRef = 989ACE3625BA391E00C6D93C /* SceneDelegate.swift */; };
		989ACE3925BA391E00C6D93C /* ViewController.swift in Sources */ = {isa = PBXBuildFile; fileRef = 989ACE3825BA391E00C6D93C /* ViewController.swift */; };
		989ACE3C25BA391E00C6D93C /* Main.storyboard in Resources */ = {isa = PBXBuildFile; fileRef = 989ACE3A25BA391E00C6D93C /* Main.storyboard */; };
		989ACE3E25BA392000C6D93C /* Assets.xcassets in Resources */ = {isa = PBXBuildFile; fileRef = 989ACE3D25BA392000C6D93C /* Assets.xcassets */; };
		989ACE4125BA392000C6D93C /* LaunchScreen.storyboard in Resources */ = {isa = PBXBuildFile; fileRef = 989ACE3F25BA392000C6D93C /* LaunchScreen.storyboard */; };
		989ACE4C25BA392000C6D93C /* PreworkTests.swift in Sources */ = {isa = PBXBuildFile; fileRef = 989ACE4B25BA392000C6D93C /* PreworkTests.swift */; };
		989ACE5725BA392100C6D93C /* PreworkUITests.swift in Sources */ = {isa = PBXBuildFile; fileRef = 989ACE5625BA392100C6D93C /* PreworkUITests.swift */; };
/* End PBXBuildFile section */

/* Begin PBXContainerItemProxy section */
		989ACE4825BA392000C6D93C /* PBXContainerItemProxy */ = {
			isa = PBXContainerItemProxy;
			containerPortal = 989ACE2925BA391D00C6D93C /* Project object */;
			proxyType = 1;
			remoteGlobalIDString = 989ACE3025BA391D00C6D93C;
			remoteInfo = Prework;
		};
		989ACE5325BA392100C6D93C /* PBXContainerItemProxy */ = {
			isa = PBXContainerItemProxy;
			containerPortal = 989ACE2925BA391D00C6D93C /* Project object */;
			proxyType = 1;
			remoteGlobalIDString = 989ACE3025BA391D00C6D93C;
			remoteInfo = Prework;
		};
/* End PBXContainerItemProxy section */

/* Begin PBXFileReference section */
		989ACE3125BA391E00C6D93C /* Prework.app */ = {isa = PBXFileReference; explicitFileType = wrapper.application; includeInIndex = 0; path = Prework.app; sourceTree = BUILT_PRODUCTS_DIR; };
		989ACE3425BA391E00C6D93C /* AppDelegate.swift */ = {isa = PBXFileReference; lastKnownFileType = sourcecode.swift; path = AppDelegate.swift; sourceTree = "<group>"; };
		989ACE3625BA391E00C6D93C /* SceneDelegate.swift */ = {isa = PBXFileReference; lastKnownFileType = sourcecode.swift; path = SceneDelegate.swift; sourceTree = "<group>"; };
		989ACE3825BA391E00C6D93C /* ViewController.swift */ = {isa = PBXFileReference; lastKnownFileType = sourcecode.swift; path = ViewController.swift; sourceTree = "<group>"; };
		989ACE3B25BA391E00C6D93C /* Base */ = {isa = PBXFileReference; lastKnownFileType = file.storyboard; name = Base; path = Base.lproj/Main.storyboard; sourceTree = "<group>"; };
		989ACE3D25BA392000C6D93C /* Assets.xcassets */ = {isa = PBXFileReference; lastKnownFileType = folder.assetcatalog; path = Assets.xcassets; sourceTree = "<group>"; };
		989ACE4025BA392000C6D93C /* Base */ = {isa = PBXFileReference; lastKnownFileType = file.storyboard; name = Base; path = Base.lproj/LaunchScreen.storyboard; sourceTree = "<group>"; };
		989ACE4225BA392000C6D93C /* Info.plist */ = {isa = PBXFileReference; lastKnownFileType = text.plist.xml; path = Info.plist; sourceTree = "<group>"; };
		989ACE4725BA392000C6D93C /* PreworkTests.xctest */ = {isa = PBXFileReference; explicitFileType = wrapper.cfbundle; includeInIndex = 0; path = PreworkTests.xctest; sourceTree = BUILT_PRODUCTS_DIR; };
		989ACE4B25BA392000C6D93C /* PreworkTests.swift */ = {isa = PBXFileReference; lastKnownFileType = sourcecode.swift; path = PreworkTests.swift; sourceTree = "<group>"; };
		989ACE4D25BA392000C6D93C /* Info.plist */ = {isa = PBXFileReference; lastKnownFileType = text.plist.xml; path = Info.plist; sourceTree = "<group>"; };
		989ACE5225BA392100C6D93C /* PreworkUITests.xctest */ = {isa = PBXFileReference; explicitFileType = wrapper.cfbundle; includeInIndex = 0; path = PreworkUITests.xctest; sourceTree = BUILT_PRODUCTS_DIR; };
		989ACE5625BA392100C6D93C /* PreworkUITests.swift */ = {isa = PBXFileReference; lastKnownFileType = sourcecode.swift; path = PreworkUITests.swift; sourceTree = "<group>"; };
		989ACE5825BA392100C6D93C /* Info.plist */ = {isa = PBXFileReference; lastKnownFileType = text.plist.xml; path = Info.plist; sourceTree = "<group>"; };
/* End PBXFileReference section */

/* Begin PBXFrameworksBuildPhase section */
		989ACE2E25BA391D00C6D93C /* Frameworks */ = {
			isa = PBXFrameworksBuildPhase;
			buildActionMask = 2147483647;
			files = (
			);
			runOnlyForDeploymentPostprocessing = 0;
		};
		989ACE4425BA392000C6D93C /* Frameworks */ = {
			isa = PBXFrameworksBuildPhase;
			buildActionMask = 2147483647;
			files = (
			);
			runOnlyForDeploymentPostprocessing = 0;
		};
		989ACE4F25BA392100C6D93C /* Frameworks */ = {
			isa = PBXFrameworksBuildPhase;
			buildActionMask = 2147483647;
			files = (
			);
			runOnlyForDeploymentPostprocessing = 0;
		};
/* End PBXFrameworksBuildPhase section */

/* Begin PBXGroup section */
		989ACE2825BA391D00C6D93C = {
			isa = PBXGroup;
			children = (
				989ACE3325BA391E00C6D93C /* Prework */,
				989ACE4A25BA392000C6D93C /* PreworkTests */,
				989ACE5525BA392100C6D93C /* PreworkUITests */,
				989ACE3225BA391E00C6D93C /* Products */,
			);
			sourceTree = "<group>";
		};
		989ACE3225BA391E00C6D93C /* Products */ = {
			isa = PBXGroup;
			children = (
				989ACE3125BA391E00C6D93C /* Prework.app */,
				989ACE4725BA392000C6D93C /* PreworkTests.xctest */,
				989ACE5225BA392100C6D93C /* PreworkUITests.xctest */,
			);
			name = Products;
			sourceTree = "<group>";
		};
		989ACE3325BA391E00C6D93C /* Prework */ = {
			isa = PBXGroup;
			children = (
				989ACE3425BA391E00C6D93C /* AppDelegate.swift */,
				989ACE3625BA391E00C6D93C /* SceneDelegate.swift */,
				989ACE3825BA391E00C6D93C /* ViewController.swift */,
				989ACE3A25BA391E00C6D93C /* Main.storyboard */,
				989ACE3D25BA392000C6D93C /* Assets.xcassets */,
				989ACE3F25BA392000C6D93C /* LaunchScreen.storyboard */,
				989ACE4225BA392000C6D93C /* Info.plist */,
			);
			path = Prework;
			sourceTree = "<group>";
		};
		989ACE4A25BA392000C6D93C /* PreworkTests */ = {
			isa = PBXGroup;
			children = (
				989ACE4B25BA392000C6D93C /* PreworkTests.swift */,
				989ACE4D25BA392000C6D93C /* Info.plist */,
			);
			path = PreworkTests;
			sourceTree = "<group>";
		};
		989ACE5525BA392100C6D93C /* PreworkUITests */ = {
			isa = PBXGroup;
			children = (
				989ACE5625BA392100C6D93C /* PreworkUITests.swift */,
				989ACE5825BA392100C6D93C /* Info.plist */,
			);
			path = PreworkUITests;
			sourceTree = "<group>";
		};
/* End PBXGroup section */

/* Begin PBXNativeTarget section */
		989ACE3025BA391D00C6D93C /* Prework */ = {
			isa = PBXNativeTarget;
			buildConfigurationList = 989ACE5B25BA392100C6D93C /* Build configuration list for PBXNativeTarget "Prework" */;
			buildPhases = (
				989ACE2D25BA391D00C6D93C /* Sources */,
				989ACE2E25BA391D00C6D93C /* Frameworks */,
				989ACE2F25BA391D00C6D93C /* Resources */,
			);
			buildRules = (
			);
			dependencies = (
			);
			name = Prework;
			productName = Prework;
			productReference = 989ACE3125BA391E00C6D93C /* Prework.app */;
			productType = "com.apple.product-type.application";
		};
		989ACE4625BA392000C6D93C /* PreworkTests */ = {
			isa = PBXNativeTarget;
			buildConfigurationList = 989ACE5E25BA392100C6D93C /* Build configuration list for PBXNativeTarget "PreworkTests" */;
			buildPhases = (
				989ACE4325BA392000C6D93C /* Sources */,
				989ACE4425BA392000C6D93C /* Frameworks */,
				989ACE4525BA392000C6D93C /* Resources */,
			);
			buildRules = (
			);
			dependencies = (
				989ACE4925BA392000C6D93C /* PBXTargetDependency */,
			);
			name = PreworkTests;
			productName = PreworkTests;
			productReference = 989ACE4725BA392000C6D93C /* PreworkTests.xctest */;
			productType = "com.apple.product-type.bundle.unit-test";
		};
		989ACE5125BA392100C6D93C /* PreworkUITests */ = {
			isa = PBXNativeTarget;
			buildConfigurationList = 989ACE6125BA392100C6D93C /* Build configuration list for PBXNativeTarget "PreworkUITests" */;
			buildPhases = (
				989ACE4E25BA392100C6D93C /* Sources */,
				989ACE4F25BA392100C6D93C /* Frameworks */,
				989ACE5025BA392100C6D93C /* Resources */,
			);
			buildRules = (
			);
			dependencies = (
				989ACE5425BA392100C6D93C /* PBXTargetDependency */,
			);
			name = PreworkUITests;
			productName = PreworkUITests;
			productReference = 989ACE5225BA392100C6D93C /* PreworkUITests.xctest */;
			productType = "com.apple.product-type.bundle.ui-testing";
		};
/* End PBXNativeTarget section */

/* Begin PBXProject section */
		989ACE2925BA391D00C6D93C /* Project object */ = {
			isa = PBXProject;
			attributes = {
				LastSwiftUpdateCheck = 1230;
				LastUpgradeCheck = 1230;
				TargetAttributes = {
					989ACE3025BA391D00C6D93C = {
						CreatedOnToolsVersion = 12.3;
					};
					989ACE4625BA392000C6D93C = {
						CreatedOnToolsVersion = 12.3;
						TestTargetID = 989ACE3025BA391D00C6D93C;
					};
					989ACE5125BA392100C6D93C = {
						CreatedOnToolsVersion = 12.3;
						TestTargetID = 989ACE3025BA391D00C6D93C;
					};
				};
			};
			buildConfigurationList = 989ACE2C25BA391D00C6D93C /* Build configuration list for PBXProject "Prework" */;
			compatibilityVersion = "Xcode 9.3";
			developmentRegion = en;
			hasScannedForEncodings = 0;
			knownRegions = (
				en,
				Base,
			);
			mainGroup = 989ACE2825BA391D00C6D93C;
			productRefGroup = 989ACE3225BA391E00C6D93C /* Products */;
			projectDirPath = "";
			projectRoot = "";
			targets = (
				989ACE3025BA391D00C6D93C /* Prework */,
				989ACE4625BA392000C6D93C /* PreworkTests */,
				989ACE5125BA392100C6D93C /* PreworkUITests */,
			);
		};
/* End PBXProject section */

/* Begin PBXResourcesBuildPhase section */
		989ACE2F25BA391D00C6D93C /* Resources */ = {
			isa = PBXResourcesBuildPhase;
			buildActionMask = 2147483647;
			files = (
				989ACE4125BA392000C6D93C /* LaunchScreen.storyboard in Resources */,
				989ACE3E25BA392000C6D93C /* Assets.xcassets in Resources */,
				989ACE3C25BA391E00C6D93C /* Main.storyboard in Resources */,
			);
			runOnlyForDeploymentPostprocessing = 0;
		};
		989ACE4525BA392000C6D93C /* Resources */ = {
			isa = PBXResourcesBuildPhase;
			buildActionMask = 2147483647;
			files = (
			);
			runOnlyForDeploymentPostprocessing = 0;
		};
		989ACE5025BA392100C6D93C /* Resources */ = {
			isa = PBXResourcesBuildPhase;
			buildActionMask = 2147483647;
			files = (
			);
			runOnlyForDeploymentPostprocessing = 0;
		};
/* End PBXResourcesBuildPhase section */

/* Begin PBXSourcesBuildPhase section */
		989ACE2D25BA391D00C6D93C /* Sources */ = {
			isa = PBXSourcesBuildPhase;
			buildActionMask = 2147483647;
			files = (
				989ACE3925BA391E00C6D93C /* ViewController.swift in Sources */,
				989ACE3525BA391E00C6D93C /* AppDelegate.swift in Sources */,
				989ACE3725BA391E00C6D93C /* SceneDelegate.swift in Sources */,
			);
			runOnlyForDeploymentPostprocessing = 0;
		};
		989ACE4325BA392000C6D93C /* Sources */ = {
			isa = PBXSourcesBuildPhase;
			buildActionMask = 2147483647;
			files = (
				989ACE4C25BA392000C6D93C /* PreworkTests.swift in Sources */,
			);
			runOnlyForDeploymentPostprocessing = 0;
		};
		989ACE4E25BA392100C6D93C /* Sources */ = {
			isa = PBXSourcesBuildPhase;
			buildActionMask = 2147483647;
			files = (
				989ACE5725BA392100C6D93C /* PreworkUITests.swift in Sources */,
			);
			runOnlyForDeploymentPostprocessing = 0;
		};
/* End PBXSourcesBuildPhase section */

/* Begin PBXTargetDependency section */
		989ACE4925BA392000C6D93C /* PBXTargetDependency */ = {
			isa = PBXTargetDependency;
			target = 989ACE3025BA391D00C6D93C /* Prework */;
			targetProxy = 989ACE4825BA392000C6D93C /* PBXContainerItemProxy */;
		};
		989ACE5425BA392100C6D93C /* PBXTargetDependency */ = {
			isa = PBXTargetDependency;
			target = 989ACE3025BA391D00C6D93C /* Prework */;
			targetProxy = 989ACE5325BA392100C6D93C /* PBXContainerItemProxy */;
		};
/* End PBXTargetDependency section */

/* Begin PBXVariantGroup section */
		989ACE3A25BA391E00C6D93C /* Main.storyboard */ = {
			isa = PBXVariantGroup;
			children = (
				989ACE3B25BA391E00C6D93C /* Base */,
			);
			name = Main.storyboard;
			sourceTree = "<group>";
		};
		989ACE3F25BA392000C6D93C /* LaunchScreen.storyboard */ = {
			isa = PBXVariantGroup;
			children = (
				989ACE4025BA392000C6D93C /* Base */,
			);
			name = LaunchScreen.storyboard;
			sourceTree = "<group>";
		};
/* End PBXVariantGroup section */

/* Begin XCBuildConfiguration section */
		989ACE5925BA392100C6D93C /* Debug */ = {
			isa = XCBuildConfiguration;
			buildSettings = {
				ALWAYS_SEARCH_USER_PATHS = NO;
				CLANG_ANALYZER_NONNULL = YES;
				CLANG_ANALYZER_NUMBER_OBJECT_CONVERSION = YES_AGGRESSIVE;
				CLANG_CXX_LANGUAGE_STANDARD = "gnu++14";
				CLANG_CXX_LIBRARY = "libc++";
				CLANG_ENABLE_MODULES = YES;
				CLANG_ENABLE_OBJC_ARC = YES;
				CLANG_ENABLE_OBJC_WEAK = YES;
				CLANG_WARN_BLOCK_CAPTURE_AUTORELEASING = YES;
				CLANG_WARN_BOOL_CONVERSION = YES;
				CLANG_WARN_COMMA = YES;
				CLANG_WARN_CONSTANT_CONVERSION = YES;
				CLANG_WARN_DEPRECATED_OBJC_IMPLEMENTATIONS = YES;
				CLANG_WARN_DIRECT_OBJC_ISA_USAGE = YES_ERROR;
				CLANG_WARN_DOCUMENTATION_COMMENTS = YES;
				CLANG_WARN_EMPTY_BODY = YES;
				CLANG_WARN_ENUM_CONVERSION = YES;
				CLANG_WARN_INFINITE_RECURSION = YES;
				CLANG_WARN_INT_CONVERSION = YES;
				CLANG_WARN_NON_LITERAL_NULL_CONVERSION = YES;
				CLANG_WARN_OBJC_IMPLICIT_RETAIN_SELF = YES;
				CLANG_WARN_OBJC_LITERAL_CONVERSION = YES;
				CLANG_WARN_OBJC_ROOT_CLASS = YES_ERROR;
				CLANG_WARN_QUOTED_INCLUDE_IN_FRAMEWORK_HEADER = YES;
				CLANG_WARN_RANGE_LOOP_ANALYSIS = YES;
				CLANG_WARN_STRICT_PROTOTYPES = YES;
				CLANG_WARN_SUSPICIOUS_MOVE = YES;
				CLANG_WARN_UNGUARDED_AVAILABILITY = YES_AGGRESSIVE;
				CLANG_WARN_UNREACHABLE_CODE = YES;
				CLANG_WARN__DUPLICATE_METHOD_MATCH = YES;
				COPY_PHASE_STRIP = NO;
				DEBUG_INFORMATION_FORMAT = dwarf;
				ENABLE_STRICT_OBJC_MSGSEND = YES;
				ENABLE_TESTABILITY = YES;
				GCC_C_LANGUAGE_STANDARD = gnu11;
				GCC_DYNAMIC_NO_PIC = NO;
				GCC_NO_COMMON_BLOCKS = YES;
				GCC_OPTIMIZATION_LEVEL = 0;
				GCC_PREPROCESSOR_DEFINITIONS = (
					"DEBUG=1",
					"$(inherited)",
				);
				GCC_WARN_64_TO_32_BIT_CONVERSION = YES;
				GCC_WARN_ABOUT_RETURN_TYPE = YES_ERROR;
				GCC_WARN_UNDECLARED_SELECTOR = YES;
				GCC_WARN_UNINITIALIZED_AUTOS = YES_AGGRESSIVE;
				GCC_WARN_UNUSED_FUNCTION = YES;
				GCC_WARN_UNUSED_VARIABLE = YES;
				IPHONEOS_DEPLOYMENT_TARGET = 14.3;
				MTL_ENABLE_DEBUG_INFO = INCLUDE_SOURCE;
				MTL_FAST_MATH = YES;
				ONLY_ACTIVE_ARCH = YES;
				SDKROOT = iphoneos;
				SWIFT_ACTIVE_COMPILATION_CONDITIONS = DEBUG;
				SWIFT_OPTIMIZATION_LEVEL = "-Onone";
			};
			name = Debug;
		};
		989ACE5A25BA392100C6D93C /* Release */ = {
			isa = XCBuildConfiguration;
			buildSettings = {
				ALWAYS_SEARCH_USER_PATHS = NO;
				CLANG_ANALYZER_NONNULL = YES;
				CLANG_ANALYZER_NUMBER_OBJECT_CONVERSION = YES_AGGRESSIVE;
				CLANG_CXX_LANGUAGE_STANDARD = "gnu++14";
				CLANG_CXX_LIBRARY = "libc++";
				CLANG_ENABLE_MODULES = YES;
				CLANG_ENABLE_OBJC_ARC = YES;
				CLANG_ENABLE_OBJC_WEAK = YES;
				CLANG_WARN_BLOCK_CAPTURE_AUTORELEASING = YES;
				CLANG_WARN_BOOL_CONVERSION = YES;
				CLANG_WARN_COMMA = YES;
				CLANG_WARN_CONSTANT_CONVERSION = YES;
				CLANG_WARN_DEPRECATED_OBJC_IMPLEMENTATIONS = YES;
				CLANG_WARN_DIRECT_OBJC_ISA_USAGE = YES_ERROR;
				CLANG_WARN_DOCUMENTATION_COMMENTS = YES;
				CLANG_WARN_EMPTY_BODY = YES;
				CLANG_WARN_ENUM_CONVERSION = YES;
				CLANG_WARN_INFINITE_RECURSION = YES;
				CLANG_WARN_INT_CONVERSION = YES;
				CLANG_WARN_NON_LITERAL_NULL_CONVERSION = YES;
				CLANG_WARN_OBJC_IMPLICIT_RETAIN_SELF = YES;
				CLANG_WARN_OBJC_LITERAL_CONVERSION = YES;
				CLANG_WARN_OBJC_ROOT_CLASS = YES_ERROR;
				CLANG_WARN_QUOTED_INCLUDE_IN_FRAMEWORK_HEADER = YES;
				CLANG_WARN_RANGE_LOOP_ANALYSIS = YES;
				CLANG_WARN_STRICT_PROTOTYPES = YES;
				CLANG_WARN_SUSPICIOUS_MOVE = YES;
				CLANG_WARN_UNGUARDED_AVAILABILITY = YES_AGGRESSIVE;
				CLANG_WARN_UNREACHABLE_CODE = YES;
				CLANG_WARN__DUPLICATE_METHOD_MATCH = YES;
				COPY_PHASE_STRIP = NO;
				DEBUG_INFORMATION_FORMAT = "dwarf-with-dsym";
				ENABLE_NS_ASSERTIONS = NO;
				ENABLE_STRICT_OBJC_MSGSEND = YES;
				GCC_C_LANGUAGE_STANDARD = gnu11;
				GCC_NO_COMMON_BLOCKS = YES;
				GCC_WARN_64_TO_32_BIT_CONVERSION = YES;
				GCC_WARN_ABOUT_RETURN_TYPE = YES_ERROR;
				GCC_WARN_UNDECLARED_SELECTOR = YES;
				GCC_WARN_UNINITIALIZED_AUTOS = YES_AGGRESSIVE;
				GCC_WARN_UNUSED_FUNCTION = YES;
				GCC_WARN_UNUSED_VARIABLE = YES;
				IPHONEOS_DEPLOYMENT_TARGET = 14.3;
				MTL_ENABLE_DEBUG_INFO = NO;
				MTL_FAST_MATH = YES;
				SDKROOT = iphoneos;
				SWIFT_COMPILATION_MODE = wholemodule;
				SWIFT_OPTIMIZATION_LEVEL = "-O";
				VALIDATE_PRODUCT = YES;
			};
			name = Release;
		};
		989ACE5C25BA392100C6D93C /* Debug */ = {
			isa = XCBuildConfiguration;
			buildSettings = {
				ASSETCATALOG_COMPILER_APPICON_NAME = AppIcon;
				ASSETCATALOG_COMPILER_GLOBAL_ACCENT_COLOR_NAME = AccentColor;
				CODE_SIGN_STYLE = Automatic;
				INFOPLIST_FILE = Prework/Info.plist;
				LD_RUNPATH_SEARCH_PATHS = (
					"$(inherited)",
					"@executable_path/Frameworks",
				);
				PRODUCT_BUNDLE_IDENTIFIER = com.Prework;
				PRODUCT_NAME = "$(TARGET_NAME)";
				SWIFT_VERSION = 5.0;
				TARGETED_DEVICE_FAMILY = "1,2";
			};
			name = Debug;
		};
		989ACE5D25BA392100C6D93C /* Release */ = {
			isa = XCBuildConfiguration;
			buildSettings = {
				ASSETCATALOG_COMPILER_APPICON_NAME = AppIcon;
				ASSETCATALOG_COMPILER_GLOBAL_ACCENT_COLOR_NAME = AccentColor;
				CODE_SIGN_STYLE = Automatic;
				INFOPLIST_FILE = Prework/Info.plist;
				LD_RUNPATH_SEARCH_PATHS = (
					"$(inherited)",
					"@executable_path/Frameworks",
				);
				PRODUCT_BUNDLE_IDENTIFIER = com.Prework;
				PRODUCT_NAME = "$(TARGET_NAME)";
				SWIFT_VERSION = 5.0;
				TARGETED_DEVICE_FAMILY = "1,2";
			};
			name = Release;
		};
		989ACE5F25BA392100C6D93C /* Debug */ = {
			isa = XCBuildConfiguration;
			buildSettings = {
				ALWAYS_EMBED_SWIFT_STANDARD_LIBRARIES = YES;
				BUNDLE_LOADER = "$(TEST_HOST)";
				CODE_SIGN_STYLE = Automatic;
				INFOPLIST_FILE = PreworkTests/Info.plist;
				IPHONEOS_DEPLOYMENT_TARGET = 14.3;
				LD_RUNPATH_SEARCH_PATHS = (
					"$(inherited)",
					"@executable_path/Frameworks",
					"@loader_path/Frameworks",
				);
				PRODUCT_BUNDLE_IDENTIFIER = com.PreworkTests;
				PRODUCT_NAME = "$(TARGET_NAME)";
				SWIFT_VERSION = 5.0;
				TARGETED_DEVICE_FAMILY = "1,2";
				TEST_HOST = "$(BUILT_PRODUCTS_DIR)/Prework.app/Prework";
			};
			name = Debug;
		};
		989ACE6025BA392100C6D93C /* Release */ = {
			isa = XCBuildConfiguration;
			buildSettings = {
				ALWAYS_EMBED_SWIFT_STANDARD_LIBRARIES = YES;
				BUNDLE_LOADER = "$(TEST_HOST)";
				CODE_SIGN_STYLE = Automatic;
				INFOPLIST_FILE = PreworkTests/Info.plist;
				IPHONEOS_DEPLOYMENT_TARGET = 14.3;
				LD_RUNPATH_SEARCH_PATHS = (
					"$(inherited)",
					"@executable_path/Frameworks",
					"@loader_path/Frameworks",
				);
				PRODUCT_BUNDLE_IDENTIFIER = com.PreworkTests;
				PRODUCT_NAME = "$(TARGET_NAME)";
				SWIFT_VERSION = 5.0;
				TARGETED_DEVICE_FAMILY = "1,2";
				TEST_HOST = "$(BUILT_PRODUCTS_DIR)/Prework.app/Prework";
			};
			name = Release;
		};
		989ACE6225BA392100C6D93C /* Debug */ = {
			isa = XCBuildConfiguration;
			buildSettings = {
				ALWAYS_EMBED_SWIFT_STANDARD_LIBRARIES = YES;
				CODE_SIGN_STYLE = Automatic;
				INFOPLIST_FILE = PreworkUITests/Info.plist;
				LD_RUNPATH_SEARCH_PATHS = (
					"$(inherited)",
					"@executable_path/Frameworks",
					"@loader_path/Frameworks",
				);
				PRODUCT_BUNDLE_IDENTIFIER = com.PreworkUITests;
				PRODUCT_NAME = "$(TARGET_NAME)";
				SWIFT_VERSION = 5.0;
				TARGETED_DEVICE_FAMILY = "1,2";
				TEST_TARGET_NAME = Prework;
			};
			name = Debug;
		};
		989ACE6325BA392100C6D93C /* Release */ = {
			isa = XCBuildConfiguration;
			buildSettings = {
				ALWAYS_EMBED_SWIFT_STANDARD_LIBRARIES = YES;
				CODE_SIGN_STYLE = Automatic;
				INFOPLIST_FILE = PreworkUITests/Info.plist;
				LD_RUNPATH_SEARCH_PATHS = (
					"$(inherited)",
					"@executable_path/Frameworks",
					"@loader_path/Frameworks",
				);
				PRODUCT_BUNDLE_IDENTIFIER = com.PreworkUITests;
				PRODUCT_NAME = "$(TARGET_NAME)";
				SWIFT_VERSION = 5.0;
				TARGETED_DEVICE_FAMILY = "1,2";
				TEST_TARGET_NAME = Prework;
			};
			name = Release;
		};
/* End XCBuildConfiguration section */

/* Begin XCConfigurationList section */
		989ACE2C25BA391D00C6D93C /* Build configuration list for PBXProject "Prework" */ = {
			isa = XCConfigurationList;
			buildConfigurations = (
				989ACE5925BA392100C6D93C /* Debug */,
				989ACE5A25BA392100C6D93C /* Release */,
			);
			defaultConfigurationIsVisible = 0;
			defaultConfigurationName = Release;
		};
		989ACE5B25BA392100C6D93C /* Build configuration list for PBXNativeTarget "Prework" */ = {
			isa = XCConfigurationList;
			buildConfigurations = (
				989ACE5C25BA392100C6D93C /* Debug */,
				989ACE5D25BA392100C6D93C /* Release */,
			);
			defaultConfigurationIsVisible = 0;
			defaultConfigurationName = Release;
		};
		989ACE5E25BA392100C6D93C /* Build configuration list for PBXNativeTarget "PreworkTests" */ = {
			isa = XCConfigurationList;
			buildConfigurations = (
				989ACE5F25BA392100C6D93C /* Debug */,
				989ACE6025BA392100C6D93C /* Release */,
			);
			defaultConfigurationIsVisible = 0;
			defaultConfigurationName = Release;
		};
		989ACE6125BA392100C6D93C /* Build configuration list for PBXNativeTarget "PreworkUITests" */ = {
			isa = XCConfigurationList;
			buildConfigurations = (
				989ACE6225BA392100C6D93C /* Debug */,
				989ACE6325BA392100C6D93C /* Release */,
			);
			defaultConfigurationIsVisible = 0;
			defaultConfigurationName = Release;
		};
/* End XCConfigurationList section */
	};
	rootObject = 989ACE2925BA391D00C6D93C /* Project object */;
}
